
Microsoft Visual Studio Solution File, Format Version 12.00
# Visual Studio Version 17
VisualStudioVersion = 17.6.33829.357
MinimumVisualStudioVersion = 10.0.40219.1
Project("{FAE04EC0-301F-11D3-BF4B-00C04F79EFBC}") = "POS", "POS\POS.csproj", "{A18FBB65-8F41-46E0-B836-014C884A5C52}"
EndProject
Global
	GlobalSection(SolutionConfigurationPlatforms) = preSolution
		Debug|Any CPU = Debug|Any CPU
		Release|Any CPU = Release|Any CPU
	EndGlobalSection
	GlobalSection(ProjectConfigurationPlatforms) = postSolution
		{A18FBB65-8F41-46E0-B836-014C884A5C52}.Debug|Any CPU.ActiveCfg = Debug|Any CPU
		{A18FBB65-8F41-46E0-B836-014C884A5C52}.Debug|Any CPU.Build.0 = Debug|Any CPU
		{A18FBB65-8F41-46E0-B836-014C884A5C52}.Release|Any CPU.ActiveCfg = Release|Any CPU
		{A18FBB65-8F41-46E0-B836-014C884A5C52}.Release|Any CPU.Build.0 = Release|Any CPU
	EndGlobalSection
	GlobalSection(SolutionProperties) = preSolution
		HideSolutionNode = FALSE
	EndGlobalSection
	GlobalSection(ExtensibilityGlobals) = postSolution
		SolutionGuid = {128BDEFE-2FFE-49BA-B01F-7BEC0F8879B3}
	EndGlobalSection
EndGlobal
